
Microsoft Visual Studio Solution File, Format Version 12.00
# Visual Studio Version 17
VisualStudioVersion = 17.5.002.0
MinimumVisualStudioVersion = 10.0.40219.1
Project("{9A19103F-16F7-4668-BE54-9A1E7A4F7556}") = "Redis.OM.Skeleton", "Redis.OM.Skeleton.csproj", "{68385C18-6461-40A4-AADC-7145F711D7DC}"
EndProject
Global
	GlobalSection(SolutionConfigurationPlatforms) = preSolution
		Debug|Any CPU = Debug|Any CPU
		Release|Any CPU = Release|Any CPU
	EndGlobalSection
	GlobalSection(ProjectConfigurationPlatforms) = postSolution
		{68385C18-6461-40A4-AADC-7145F711D7DC}.Debug|Any CPU.ActiveCfg = Debug|Any CPU
		{68385C18-6461-40A4-AADC-7145F711D7DC}.Debug|Any CPU.Build.0 = Debug|Any CPU
		{68385C18-6461-40A4-AADC-7145F711D7DC}.Release|Any CPU.ActiveCfg = Release|Any CPU
		{68385C18-6461-40A4-AADC-7145F711D7DC}.Release|Any CPU.Build.0 = Release|Any CPU
	EndGlobalSection
	GlobalSection(SolutionProperties) = preSolution
		HideSolutionNode = FALSE
	EndGlobalSection
	GlobalSection(ExtensibilityGlobals) = postSolution
		SolutionGuid = {2DF761FF-7171-4D18-B972-EC21240BB253}
	EndGlobalSection
EndGlobal
